// !$*UTF8*$!
{
	archiveVersion = 1;
	classes = {
	};
	objectVersion = 46;
	objects = {

/* Begin PBXBuildFile section */
		611ED57A1F6F330B00B1FD4C /* ChargebackVC.swift in Sources */ = {isa = PBXBuildFile; fileRef = 611ED5791F6F330B00B1FD4C /* ChargebackVC.swift */; };
		611ED57C1F6F344200B1FD4C /* UISwitchButton.swift in Sources */ = {isa = PBXBuildFile; fileRef = 611ED57B1F6F344200B1FD4C /* UISwitchButton.swift */; };
		615EBBDC1F734318005A2728 /* chargeback.json in Resources */ = {isa = PBXBuildFile; fileRef = 615EBBDA1F734318005A2728 /* chargeback.json */; };
		615EBBDD1F734318005A2728 /* notice.json in Resources */ = {isa = PBXBuildFile; fileRef = 615EBBDB1F734318005A2728 /* notice.json */; };
		61774E691F743120003039E7 /* CardLO.swift in Sources */ = {isa = PBXBuildFile; fileRef = 61774E681F743120003039E7 /* CardLO.swift */; };
		61774E6B1F743340003039E7 /* CardTests.swift in Sources */ = {isa = PBXBuildFile; fileRef = 61774E6A1F743340003039E7 /* CardTests.swift */; };
		61837BD21F73273200E0F37B /* ChargebackTests.swift in Sources */ = {isa = PBXBuildFile; fileRef = 61837BD11F73273200E0F37B /* ChargebackTests.swift */; };
		618F9E841F7037C700AEEDBE /* KeyboardKit.swift in Sources */ = {isa = PBXBuildFile; fileRef = 618F9E831F7037C700AEEDBE /* KeyboardKit.swift */; };
		61AD24291F745FFD00E14E47 /* NoticeUITests.swift in Sources */ = {isa = PBXBuildFile; fileRef = 61AD24271F745FFD00E14E47 /* NoticeUITests.swift */; };
		61AD242A1F745FFD00E14E47 /* TestingCommon.swift in Sources */ = {isa = PBXBuildFile; fileRef = 61AD24281F745FFD00E14E47 /* TestingCommon.swift */; };
		61BF9F9F1F720DD1002CCE80 /* ServerRequestTests.swift in Sources */ = {isa = PBXBuildFile; fileRef = 61BF9F9E1F720DD1002CCE80 /* ServerRequestTests.swift */; };
		61BF9FA21F7214D2002CCE80 /* TestingCommon.swift in Sources */ = {isa = PBXBuildFile; fileRef = 61BF9FA11F7214D2002CCE80 /* TestingCommon.swift */; };
		61BF9FA41F72153F002CCE80 /* NoticeTests.swift in Sources */ = {isa = PBXBuildFile; fileRef = 61BF9FA31F72153F002CCE80 /* NoticeTests.swift */; };
		61C8F84C1F708CBB006E8CB8 /* FinishChargebackVC.swift in Sources */ = {isa = PBXBuildFile; fileRef = 61C8F84B1F708CBB006E8CB8 /* FinishChargebackVC.swift */; };
		61F5EB961F6C4EE1000F1CE1 /* UIBox.swift in Sources */ = {isa = PBXBuildFile; fileRef = 61F5EB951F6C4EE1000F1CE1 /* UIBox.swift */; };
		61F5EB9B1F6C57E3000F1CE1 /* IBDesignableClass.swift in Sources */ = {isa = PBXBuildFile; fileRef = 61F5EB991F6C57E3000F1CE1 /* IBDesignableClass.swift */; };
		61F5EB9F1F6C61FE000F1CE1 /* NoticeVC.swift in Sources */ = {isa = PBXBuildFile; fileRef = 61F5EB9E1F6C61FE000F1CE1 /* NoticeVC.swift */; };
		61F78A381F6B77FB00F94CB0 /* AppDelegate.swift in Sources */ = {isa = PBXBuildFile; fileRef = 61F78A371F6B77FB00F94CB0 /* AppDelegate.swift */; };
		61F78A3F1F6B77FB00F94CB0 /* Assets.xcassets in Resources */ = {isa = PBXBuildFile; fileRef = 61F78A3E1F6B77FB00F94CB0 /* Assets.xcassets */; };
		61F78A7C1F6B84C500F94CB0 /* Chargeback.storyboard in Resources */ = {isa = PBXBuildFile; fileRef = 61F78A7A1F6B84C500F94CB0 /* Chargeback.storyboard */; };
		61F78A7D1F6B84C500F94CB0 /* LaunchScreen.storyboard in Resources */ = {isa = PBXBuildFile; fileRef = 61F78A7B1F6B84C500F94CB0 /* LaunchScreen.storyboard */; };
		61F8F8B71F6C9C4D00B6E1F4 /* ServerRequest.swift in Sources */ = {isa = PBXBuildFile; fileRef = 61F8F8B61F6C9C4D00B6E1F4 /* ServerRequest.swift */; };
		61F8F8B91F6CB8A200B6E1F4 /* NoticeLO.swift in Sources */ = {isa = PBXBuildFile; fileRef = 61F8F8B81F6CB8A200B6E1F4 /* NoticeLO.swift */; };
		61F8F8BB1F6CBAC800B6E1F4 /* ChargebackLO.swift in Sources */ = {isa = PBXBuildFile; fileRef = 61F8F8BA1F6CBAC800B6E1F4 /* ChargebackLO.swift */; };
		61F8F8BD1F6CBCAF00B6E1F4 /* ChargebackBO.swift in Sources */ = {isa = PBXBuildFile; fileRef = 61F8F8BC1F6CBCAF00B6E1F4 /* ChargebackBO.swift */; };
		61F8F8BF1F6CBD2700B6E1F4 /* NoticeBO.swift in Sources */ = {isa = PBXBuildFile; fileRef = 61F8F8BE1F6CBD2700B6E1F4 /* NoticeBO.swift */; };
		61F8F8C31F6CE1D800B6E1F4 /* ActionBO.swift in Sources */ = {isa = PBXBuildFile; fileRef = 61F8F8C21F6CE1D800B6E1F4 /* ActionBO.swift */; };
		61F8F8C51F6CEBE800B6E1F4 /* ReasonDetailBO.swift in Sources */ = {isa = PBXBuildFile; fileRef = 61F8F8C41F6CEBE800B6E1F4 /* ReasonDetailBO.swift */; };
		61F8F8C71F6CF21200B6E1F4 /* StyleKit.swift in Sources */ = {isa = PBXBuildFile; fileRef = 61F8F8C61F6CF21200B6E1F4 /* StyleKit.swift */; };
		61F8F8C91F6CF54B00B6E1F4 /* StringKit.swift in Sources */ = {isa = PBXBuildFile; fileRef = 61F8F8C81F6CF54B00B6E1F4 /* StringKit.swift */; };
		61F8F8CB1F6EFDEF00B6E1F4 /* AlertKit.swift in Sources */ = {isa = PBXBuildFile; fileRef = 61F8F8CA1F6EFDEF00B6E1F4 /* AlertKit.swift */; };
		83CA76B0F8F6022E9FBE9266 /* Pods_Nubank_ChargebackTests.framework in Frameworks */ = {isa = PBXBuildFile; fileRef = 510026C7850DCF62C436A64B /* Pods_Nubank_ChargebackTests.framework */; };
		D1A412C0F37681AD2BF14007 /* Pods_Nubank_Chargeback.framework in Frameworks */ = {isa = PBXBuildFile; fileRef = A86739B4D766E1F9C85EC6D8 /* Pods_Nubank_Chargeback.framework */; };
		E60F6B02560B20E3946B9489 /* Pods_Nubank_ChargebackUITests.framework in Frameworks */ = {isa = PBXBuildFile; fileRef = 062B49451896DCDBD4CAA0AD /* Pods_Nubank_ChargebackUITests.framework */; };
/* End PBXBuildFile section */

/* Begin PBXContainerItemProxy section */
		61F78A491F6B77FB00F94CB0 /* PBXContainerItemProxy */ = {
			isa = PBXContainerItemProxy;
			containerPortal = 61F78A2C1F6B77FB00F94CB0 /* Project object */;
			proxyType = 1;
			remoteGlobalIDString = 61F78A331F6B77FB00F94CB0;
			remoteInfo = "Nubank-Chargeback";
		};
		61F78A541F6B77FB00F94CB0 /* PBXContainerItemProxy */ = {
			isa = PBXContainerItemProxy;
			containerPortal = 61F78A2C1F6B77FB00F94CB0 /* Project object */;
			proxyType = 1;
			remoteGlobalIDString = 61F78A331F6B77FB00F94CB0;
			remoteInfo = "Nubank-Chargeback";
		};
/* End PBXContainerItemProxy section */

/* Begin PBXFileReference section */
		062B49451896DCDBD4CAA0AD /* Pods_Nubank_ChargebackUITests.framework */ = {isa = PBXFileReference; explicitFileType = wrapper.framework; includeInIndex = 0; path = Pods_Nubank_ChargebackUITests.framework; sourceTree = BUILT_PRODUCTS_DIR; };
		0862B580C6A96C22113C7D4A /* Pods-Nubank-ChargebackTests.release.xcconfig */ = {isa = PBXFileReference; includeInIndex = 1; lastKnownFileType = text.xcconfig; name = "Pods-Nubank-ChargebackTests.release.xcconfig"; path = "Pods/Target Support Files/Pods-Nubank-ChargebackTests/Pods-Nubank-ChargebackTests.release.xcconfig"; sourceTree = "<group>"; };
		08F9EBCE224C044B15C34840 /* Pods-Nubank-ChargebackTests.debug.xcconfig */ = {isa = PBXFileReference; includeInIndex = 1; lastKnownFileType = text.xcconfig; name = "Pods-Nubank-ChargebackTests.debug.xcconfig"; path = "Pods/Target Support Files/Pods-Nubank-ChargebackTests/Pods-Nubank-ChargebackTests.debug.xcconfig"; sourceTree = "<group>"; };
		0F86C04FB01142A9131991D7 /* Pods-Nubank-ChargebackUITests.release.xcconfig */ = {isa = PBXFileReference; includeInIndex = 1; lastKnownFileType = text.xcconfig; name = "Pods-Nubank-ChargebackUITests.release.xcconfig"; path = "Pods/Target Support Files/Pods-Nubank-ChargebackUITests/Pods-Nubank-ChargebackUITests.release.xcconfig"; sourceTree = "<group>"; };
		37DB65F1EC50E5220A2CCAD2 /* Pods-Nubank-Chargeback.release.xcconfig */ = {isa = PBXFileReference; includeInIndex = 1; lastKnownFileType = text.xcconfig; name = "Pods-Nubank-Chargeback.release.xcconfig"; path = "Pods/Target Support Files/Pods-Nubank-Chargeback/Pods-Nubank-Chargeback.release.xcconfig"; sourceTree = "<group>"; };
		510026C7850DCF62C436A64B /* Pods_Nubank_ChargebackTests.framework */ = {isa = PBXFileReference; explicitFileType = wrapper.framework; includeInIndex = 0; path = Pods_Nubank_ChargebackTests.framework; sourceTree = BUILT_PRODUCTS_DIR; };
		611ED5791F6F330B00B1FD4C /* ChargebackVC.swift */ = {isa = PBXFileReference; fileEncoding = 4; lastKnownFileType = sourcecode.swift; path = ChargebackVC.swift; sourceTree = "<group>"; };
		611ED57B1F6F344200B1FD4C /* UISwitchButton.swift */ = {isa = PBXFileReference; fileEncoding = 4; lastKnownFileType = sourcecode.swift; path = UISwitchButton.swift; sourceTree = "<group>"; };
		615EBBDA1F734318005A2728 /* chargeback.json */ = {isa = PBXFileReference; fileEncoding = 4; lastKnownFileType = text.json; path = chargeback.json; sourceTree = "<group>"; };
		615EBBDB1F734318005A2728 /* notice.json */ = {isa = PBXFileReference; fileEncoding = 4; lastKnownFileType = text.json; path = notice.json; sourceTree = "<group>"; };
		61774E681F743120003039E7 /* CardLO.swift */ = {isa = PBXFileReference; lastKnownFileType = sourcecode.swift; path = CardLO.swift; sourceTree = "<group>"; };
		61774E6A1F743340003039E7 /* CardTests.swift */ = {isa = PBXFileReference; lastKnownFileType = sourcecode.swift; path = CardTests.swift; sourceTree = "<group>"; };
		61837BD11F73273200E0F37B /* ChargebackTests.swift */ = {isa = PBXFileReference; fileEncoding = 4; lastKnownFileType = sourcecode.swift; path = ChargebackTests.swift; sourceTree = "<group>"; };
		618F9E831F7037C700AEEDBE /* KeyboardKit.swift */ = {isa = PBXFileReference; fileEncoding = 4; lastKnownFileType = sourcecode.swift; path = KeyboardKit.swift; sourceTree = "<group>"; };
		61AD24271F745FFD00E14E47 /* NoticeUITests.swift */ = {isa = PBXFileReference; lastKnownFileType = sourcecode.swift; path = NoticeUITests.swift; sourceTree = "<group>"; };
		61AD24281F745FFD00E14E47 /* TestingCommon.swift */ = {isa = PBXFileReference; lastKnownFileType = sourcecode.swift; path = TestingCommon.swift; sourceTree = "<group>"; };
		61BF9F9E1F720DD1002CCE80 /* ServerRequestTests.swift */ = {isa = PBXFileReference; fileEncoding = 4; lastKnownFileType = sourcecode.swift; path = ServerRequestTests.swift; sourceTree = "<group>"; };
		61BF9FA01F720FED002CCE80 /* Nubank-ChargebackTests-Bridging-Header.h */ = {isa = PBXFileReference; lastKnownFileType = sourcecode.c.h; path = "Nubank-ChargebackTests-Bridging-Header.h"; sourceTree = "<group>"; };
		61BF9FA11F7214D2002CCE80 /* TestingCommon.swift */ = {isa = PBXFileReference; fileEncoding = 4; lastKnownFileType = sourcecode.swift; path = TestingCommon.swift; sourceTree = "<group>"; };
		61BF9FA31F72153F002CCE80 /* NoticeTests.swift */ = {isa = PBXFileReference; fileEncoding = 4; lastKnownFileType = sourcecode.swift; path = NoticeTests.swift; sourceTree = "<group>"; };
		61C8F84B1F708CBB006E8CB8 /* FinishChargebackVC.swift */ = {isa = PBXFileReference; fileEncoding = 4; lastKnownFileType = sourcecode.swift; path = FinishChargebackVC.swift; sourceTree = "<group>"; };
		61F5EB951F6C4EE1000F1CE1 /* UIBox.swift */ = {isa = PBXFileReference; fileEncoding = 4; lastKnownFileType = sourcecode.swift; path = UIBox.swift; sourceTree = "<group>"; };
		61F5EB991F6C57E3000F1CE1 /* IBDesignableClass.swift */ = {isa = PBXFileReference; fileEncoding = 4; lastKnownFileType = sourcecode.swift; path = IBDesignableClass.swift; sourceTree = "<group>"; };
		61F5EB9E1F6C61FE000F1CE1 /* NoticeVC.swift */ = {isa = PBXFileReference; fileEncoding = 4; lastKnownFileType = sourcecode.swift; path = NoticeVC.swift; sourceTree = "<group>"; };
		61F78A341F6B77FB00F94CB0 /* Nubank-Chargeback.app */ = {isa = PBXFileReference; explicitFileType = wrapper.application; includeInIndex = 0; path = "Nubank-Chargeback.app"; sourceTree = BUILT_PRODUCTS_DIR; };
		61F78A371F6B77FB00F94CB0 /* AppDelegate.swift */ = {isa = PBXFileReference; lastKnownFileType = sourcecode.swift; path = AppDelegate.swift; sourceTree = "<group>"; };
		61F78A3E1F6B77FB00F94CB0 /* Assets.xcassets */ = {isa = PBXFileReference; lastKnownFileType = folder.assetcatalog; path = Assets.xcassets; sourceTree = "<group>"; };
		61F78A431F6B77FB00F94CB0 /* Info.plist */ = {isa = PBXFileReference; lastKnownFileType = text.plist.xml; path = Info.plist; sourceTree = "<group>"; };
		61F78A481F6B77FB00F94CB0 /* Nubank-ChargebackTests.xctest */ = {isa = PBXFileReference; explicitFileType = wrapper.cfbundle; includeInIndex = 0; path = "Nubank-ChargebackTests.xctest"; sourceTree = BUILT_PRODUCTS_DIR; };
		61F78A4E1F6B77FB00F94CB0 /* Info.plist */ = {isa = PBXFileReference; lastKnownFileType = text.plist.xml; path = Info.plist; sourceTree = "<group>"; };
		61F78A531F6B77FB00F94CB0 /* Nubank-ChargebackUITests.xctest */ = {isa = PBXFileReference; explicitFileType = wrapper.cfbundle; includeInIndex = 0; path = "Nubank-ChargebackUITests.xctest"; sourceTree = BUILT_PRODUCTS_DIR; };
		61F78A591F6B77FB00F94CB0 /* Info.plist */ = {isa = PBXFileReference; lastKnownFileType = text.plist.xml; path = Info.plist; sourceTree = "<group>"; };
		61F78A7A1F6B84C500F94CB0 /* Chargeback.storyboard */ = {isa = PBXFileReference; fileEncoding = 4; lastKnownFileType = file.storyboard; path = Chargeback.storyboard; sourceTree = "<group>"; };
		61F78A7B1F6B84C500F94CB0 /* LaunchScreen.storyboard */ = {isa = PBXFileReference; fileEncoding = 4; lastKnownFileType = file.storyboard; path = LaunchScreen.storyboard; sourceTree = "<group>"; };
		61F8F8B61F6C9C4D00B6E1F4 /* ServerRequest.swift */ = {isa = PBXFileReference; fileEncoding = 4; lastKnownFileType = sourcecode.swift; path = ServerRequest.swift; sourceTree = "<group>"; };
		61F8F8B81F6CB8A200B6E1F4 /* NoticeLO.swift */ = {isa = PBXFileReference; fileEncoding = 4; lastKnownFileType = sourcecode.swift; path = NoticeLO.swift; sourceTree = "<group>"; };
		61F8F8BA1F6CBAC800B6E1F4 /* ChargebackLO.swift */ = {isa = PBXFileReference; fileEncoding = 4; lastKnownFileType = sourcecode.swift; path = ChargebackLO.swift; sourceTree = "<group>"; };
		61F8F8BC1F6CBCAF00B6E1F4 /* ChargebackBO.swift */ = {isa = PBXFileReference; fileEncoding = 4; lastKnownFileType = sourcecode.swift; path = ChargebackBO.swift; sourceTree = "<group>"; };
		61F8F8BE1F6CBD2700B6E1F4 /* NoticeBO.swift */ = {isa = PBXFileReference; fileEncoding = 4; lastKnownFileType = sourcecode.swift; path = NoticeBO.swift; sourceTree = "<group>"; };
		61F8F8C21F6CE1D800B6E1F4 /* ActionBO.swift */ = {isa = PBXFileReference; fileEncoding = 4; lastKnownFileType = sourcecode.swift; path = ActionBO.swift; sourceTree = "<group>"; };
		61F8F8C41F6CEBE800B6E1F4 /* ReasonDetailBO.swift */ = {isa = PBXFileReference; fileEncoding = 4; lastKnownFileType = sourcecode.swift; path = ReasonDetailBO.swift; sourceTree = "<group>"; };
		61F8F8C61F6CF21200B6E1F4 /* StyleKit.swift */ = {isa = PBXFileReference; fileEncoding = 4; lastKnownFileType = sourcecode.swift; path = StyleKit.swift; sourceTree = "<group>"; };
		61F8F8C81F6CF54B00B6E1F4 /* StringKit.swift */ = {isa = PBXFileReference; fileEncoding = 4; lastKnownFileType = sourcecode.swift; path = StringKit.swift; sourceTree = "<group>"; };
		61F8F8CA1F6EFDEF00B6E1F4 /* AlertKit.swift */ = {isa = PBXFileReference; fileEncoding = 4; lastKnownFileType = sourcecode.swift; path = AlertKit.swift; sourceTree = "<group>"; };
		A86739B4D766E1F9C85EC6D8 /* Pods_Nubank_Chargeback.framework */ = {isa = PBXFileReference; explicitFileType = wrapper.framework; includeInIndex = 0; path = Pods_Nubank_Chargeback.framework; sourceTree = BUILT_PRODUCTS_DIR; };
		E3716C2BBA30E735BE7B08DC /* Pods-Nubank-ChargebackUITests.debug.xcconfig */ = {isa = PBXFileReference; includeInIndex = 1; lastKnownFileType = text.xcconfig; name = "Pods-Nubank-ChargebackUITests.debug.xcconfig"; path = "Pods/Target Support Files/Pods-Nubank-ChargebackUITests/Pods-Nubank-ChargebackUITests.debug.xcconfig"; sourceTree = "<group>"; };
		EFF4ABACFF5B8F70A82FCACA /* Pods-Nubank-Chargeback.debug.xcconfig */ = {isa = PBXFileReference; includeInIndex = 1; lastKnownFileType = text.xcconfig; name = "Pods-Nubank-Chargeback.debug.xcconfig"; path = "Pods/Target Support Files/Pods-Nubank-Chargeback/Pods-Nubank-Chargeback.debug.xcconfig"; sourceTree = "<group>"; };
/* End PBXFileReference section */

/* Begin PBXFrameworksBuildPhase section */
		61F78A311F6B77FB00F94CB0 /* Frameworks */ = {
			isa = PBXFrameworksBuildPhase;
			buildActionMask = 2147483647;
			files = (
				D1A412C0F37681AD2BF14007 /* Pods_Nubank_Chargeback.framework in Frameworks */,
			);
			runOnlyForDeploymentPostprocessing = 0;
		};
		61F78A451F6B77FB00F94CB0 /* Frameworks */ = {
			isa = PBXFrameworksBuildPhase;
			buildActionMask = 2147483647;
			files = (
				83CA76B0F8F6022E9FBE9266 /* Pods_Nubank_ChargebackTests.framework in Frameworks */,
			);
			runOnlyForDeploymentPostprocessing = 0;
		};
		61F78A501F6B77FB00F94CB0 /* Frameworks */ = {
			isa = PBXFrameworksBuildPhase;
			buildActionMask = 2147483647;
			files = (
				E60F6B02560B20E3946B9489 /* Pods_Nubank_ChargebackUITests.framework in Frameworks */,
			);
			runOnlyForDeploymentPostprocessing = 0;
		};
/* End PBXFrameworksBuildPhase section */

/* Begin PBXGroup section */
		1CCCEA9B321DA16B25E56D62 /* Pods */ = {
			isa = PBXGroup;
			children = (
				EFF4ABACFF5B8F70A82FCACA /* Pods-Nubank-Chargeback.debug.xcconfig */,
				37DB65F1EC50E5220A2CCAD2 /* Pods-Nubank-Chargeback.release.xcconfig */,
				08F9EBCE224C044B15C34840 /* Pods-Nubank-ChargebackTests.debug.xcconfig */,
				0862B580C6A96C22113C7D4A /* Pods-Nubank-ChargebackTests.release.xcconfig */,
				E3716C2BBA30E735BE7B08DC /* Pods-Nubank-ChargebackUITests.debug.xcconfig */,
				0F86C04FB01142A9131991D7 /* Pods-Nubank-ChargebackUITests.release.xcconfig */,
			);
			name = Pods;
			sourceTree = "<group>";
		};
		49F05D6B650E7584028A9F86 /* Frameworks */ = {
			isa = PBXGroup;
			children = (
				A86739B4D766E1F9C85EC6D8 /* Pods_Nubank_Chargeback.framework */,
				510026C7850DCF62C436A64B /* Pods_Nubank_ChargebackTests.framework */,
				062B49451896DCDBD4CAA0AD /* Pods_Nubank_ChargebackUITests.framework */,
			);
			name = Frameworks;
			sourceTree = "<group>";
		};
		615EBBDE1F73431D005A2728 /* Stubs */ = {
			isa = PBXGroup;
			children = (
				615EBBDA1F734318005A2728 /* chargeback.json */,
				615EBBDB1F734318005A2728 /* notice.json */,
			);
			name = Stubs;
			sourceTree = "<group>";
		};
		61F5EB9D1F6C61A6000F1CE1 /* Chargeback */ = {
			isa = PBXGroup;
			children = (
				611ED5791F6F330B00B1FD4C /* ChargebackVC.swift */,
				61C8F84B1F708CBB006E8CB8 /* FinishChargebackVC.swift */,
				61F5EB9E1F6C61FE000F1CE1 /* NoticeVC.swift */,
			);
			path = Chargeback;
			sourceTree = "<group>";
		};
		61F78A2B1F6B77FB00F94CB0 = {
			isa = PBXGroup;
			children = (
				61F78A361F6B77FB00F94CB0 /* Nubank-Chargeback */,
				61F78A4B1F6B77FB00F94CB0 /* Nubank-ChargebackTests */,
				61F78A561F6B77FB00F94CB0 /* Nubank-ChargebackUITests */,
				61F78A351F6B77FB00F94CB0 /* Products */,
				1CCCEA9B321DA16B25E56D62 /* Pods */,
				49F05D6B650E7584028A9F86 /* Frameworks */,
			);
			sourceTree = "<group>";
		};
		61F78A351F6B77FB00F94CB0 /* Products */ = {
			isa = PBXGroup;
			children = (
				61F78A341F6B77FB00F94CB0 /* Nubank-Chargeback.app */,
				61F78A481F6B77FB00F94CB0 /* Nubank-ChargebackTests.xctest */,
				61F78A531F6B77FB00F94CB0 /* Nubank-ChargebackUITests.xctest */,
			);
			name = Products;
			sourceTree = "<group>";
		};
		61F78A361F6B77FB00F94CB0 /* Nubank-Chargeback */ = {
			isa = PBXGroup;
			children = (
				61F78A651F6B7B8C00F94CB0 /* Resources */,
				61F78A661F6B7C2F00F94CB0 /* Sources */,
			);
			path = "Nubank-Chargeback";
			sourceTree = "<group>";
		};
		61F78A4B1F6B77FB00F94CB0 /* Nubank-ChargebackTests */ = {
			isa = PBXGroup;
			children = (
				61774E6A1F743340003039E7 /* CardTests.swift */,
				61837BD11F73273200E0F37B /* ChargebackTests.swift */,
				61F78A4E1F6B77FB00F94CB0 /* Info.plist */,
				61BF9FA31F72153F002CCE80 /* NoticeTests.swift */,
				61BF9FA01F720FED002CCE80 /* Nubank-ChargebackTests-Bridging-Header.h */,
				61BF9F9E1F720DD1002CCE80 /* ServerRequestTests.swift */,
				615EBBDE1F73431D005A2728 /* Stubs */,
				61BF9FA11F7214D2002CCE80 /* TestingCommon.swift */,
			);
			path = "Nubank-ChargebackTests";
			sourceTree = "<group>";
		};
		61F78A561F6B77FB00F94CB0 /* Nubank-ChargebackUITests */ = {
			isa = PBXGroup;
			children = (
				61F78A591F6B77FB00F94CB0 /* Info.plist */,
				61AD24271F745FFD00E14E47 /* NoticeUITests.swift */,
				61AD24281F745FFD00E14E47 /* TestingCommon.swift */,
			);
			path = "Nubank-ChargebackUITests";
			sourceTree = "<group>";
		};
		61F78A651F6B7B8C00F94CB0 /* Resources */ = {
			isa = PBXGroup;
			children = (
				61F78A3E1F6B77FB00F94CB0 /* Assets.xcassets */,
				61F78A681F6B7CE000F94CB0 /* Interfaces */,
				61F78A691F6B7CF000F94CB0 /* Language */,
				61F78A6A1F6B7CF900F94CB0 /* Media */,
				61F78A6B1F6B7D0100F94CB0 /* Supporting Files */,
			);
			path = Resources;
			sourceTree = "<group>";
		};
		61F78A661F6B7C2F00F94CB0 /* Sources */ = {
			isa = PBXGroup;
			children = (
				61F78A671F6B7C6500F94CB0 /* Core Common */,
				61F78A6C1F6B7D2300F94CB0 /* Data */,
				61F78A6D1F6B7D2C00F94CB0 /* Logic */,
				61F78A6E1F6B7D3700F94CB0 /* Presentation */,
				61F78A6F1F6B7D4100F94CB0 /* UI Common */,
				61F78A701F6B7D4700F94CB0 /* UI Driver */,
			);
			path = Sources;
			sourceTree = "<group>";
		};
		61F78A671F6B7C6500F94CB0 /* Core Common */ = {
			isa = PBXGroup;
			children = (
			);
			path = "Core Common";
			sourceTree = "<group>";
		};
		61F78A681F6B7CE000F94CB0 /* Interfaces */ = {
			isa = PBXGroup;
			children = (
				61F78A771F6B83D400F94CB0 /* Cells */,
				61F78A781F6B83D900F94CB0 /* Storyboards */,
				61F78A791F6B83F100F94CB0 /* Views */,
			);
			path = Interfaces;
			sourceTree = "<group>";
		};
		61F78A691F6B7CF000F94CB0 /* Language */ = {
			isa = PBXGroup;
			children = (
			);
			path = Language;
			sourceTree = "<group>";
		};
		61F78A6A1F6B7CF900F94CB0 /* Media */ = {
			isa = PBXGroup;
			children = (
			);
			path = Media;
			sourceTree = "<group>";
		};
		61F78A6B1F6B7D0100F94CB0 /* Supporting Files */ = {
			isa = PBXGroup;
			children = (
				61F78A431F6B77FB00F94CB0 /* Info.plist */,
			);
			path = "Supporting Files";
			sourceTree = "<group>";
		};
		61F78A6C1F6B7D2300F94CB0 /* Data */ = {
			isa = PBXGroup;
			children = (
				61F78A711F6B7D6500F94CB0 /* Models */,
				61F78A721F6B7D7300F94CB0 /* Persistence */,
			);
			path = Data;
			sourceTree = "<group>";
		};
		61F78A6D1F6B7D2C00F94CB0 /* Logic */ = {
			isa = PBXGroup;
			children = (
				61774E681F743120003039E7 /* CardLO.swift */,
				61F8F8BA1F6CBAC800B6E1F4 /* ChargebackLO.swift */,
				61F8F8B81F6CB8A200B6E1F4 /* NoticeLO.swift */,
				61F78A731F6B7E9C00F94CB0 /* Services */,
			);
			path = Logic;
			sourceTree = "<group>";
		};
		61F78A6E1F6B7D3700F94CB0 /* Presentation */ = {
			isa = PBXGroup;
			children = (
				61F78A371F6B77FB00F94CB0 /* AppDelegate.swift */,
				61F78A741F6B7FC900F94CB0 /* Cells */,
				61F78A751F6B7FD100F94CB0 /* ViewControllers */,
				61F78A761F6B7FDC00F94CB0 /* Views */,
			);
			path = Presentation;
			sourceTree = "<group>";
		};
		61F78A6F1F6B7D4100F94CB0 /* UI Common */ = {
			isa = PBXGroup;
			children = (
				61F8F8CA1F6EFDEF00B6E1F4 /* AlertKit.swift */,
				618F9E831F7037C700AEEDBE /* KeyboardKit.swift */,
				61F8F8C81F6CF54B00B6E1F4 /* StringKit.swift */,
				61F8F8C61F6CF21200B6E1F4 /* StyleKit.swift */,
			);
			path = "UI Common";
			sourceTree = "<group>";
		};
		61F78A701F6B7D4700F94CB0 /* UI Driver */ = {
			isa = PBXGroup;
			children = (
			);
			path = "UI Driver";
			sourceTree = "<group>";
		};
		61F78A711F6B7D6500F94CB0 /* Models */ = {
			isa = PBXGroup;
			children = (
				61F8F8C21F6CE1D800B6E1F4 /* ActionBO.swift */,
				61F8F8BC1F6CBCAF00B6E1F4 /* ChargebackBO.swift */,
				61F8F8BE1F6CBD2700B6E1F4 /* NoticeBO.swift */,
				61F8F8C41F6CEBE800B6E1F4 /* ReasonDetailBO.swift */,
			);
			path = Models;
			sourceTree = "<group>";
		};
		61F78A721F6B7D7300F94CB0 /* Persistence */ = {
			isa = PBXGroup;
			children = (
			);
			path = Persistence;
			sourceTree = "<group>";
		};
		61F78A731F6B7E9C00F94CB0 /* Services */ = {
			isa = PBXGroup;
			children = (
				61F8F8B61F6C9C4D00B6E1F4 /* ServerRequest.swift */,
			);
			path = Services;
			sourceTree = "<group>";
		};
		61F78A741F6B7FC900F94CB0 /* Cells */ = {
			isa = PBXGroup;
			children = (
			);
			path = Cells;
			sourceTree = "<group>";
		};
		61F78A751F6B7FD100F94CB0 /* ViewControllers */ = {
			isa = PBXGroup;
			children = (
				61F5EB9D1F6C61A6000F1CE1 /* Chargeback */,
			);
			path = ViewControllers;
			sourceTree = "<group>";
		};
		61F78A761F6B7FDC00F94CB0 /* Views */ = {
			isa = PBXGroup;
			children = (
				61F5EB991F6C57E3000F1CE1 /* IBDesignableClass.swift */,
				61F5EB951F6C4EE1000F1CE1 /* UIBox.swift */,
				611ED57B1F6F344200B1FD4C /* UISwitchButton.swift */,
			);
			path = Views;
			sourceTree = "<group>";
		};
		61F78A771F6B83D400F94CB0 /* Cells */ = {
			isa = PBXGroup;
			children = (
			);
			path = Cells;
			sourceTree = "<group>";
		};
		61F78A781F6B83D900F94CB0 /* Storyboards */ = {
			isa = PBXGroup;
			children = (
				61F78A7A1F6B84C500F94CB0 /* Chargeback.storyboard */,
				61F78A7B1F6B84C500F94CB0 /* LaunchScreen.storyboard */,
			);
			path = Storyboards;
			sourceTree = "<group>";
		};
		61F78A791F6B83F100F94CB0 /* Views */ = {
			isa = PBXGroup;
			children = (
			);
			path = Views;
			sourceTree = "<group>";
		};
/* End PBXGroup section */

/* Begin PBXNativeTarget section */
		61F78A331F6B77FB00F94CB0 /* Nubank-Chargeback */ = {
			isa = PBXNativeTarget;
			buildConfigurationList = 61F78A5C1F6B77FB00F94CB0 /* Build configuration list for PBXNativeTarget "Nubank-Chargeback" */;
			buildPhases = (
				CA56C6CAAFE4476A6547F290 /* [CP] Check Pods Manifest.lock */,
				61F78A301F6B77FB00F94CB0 /* Sources */,
				61F78A311F6B77FB00F94CB0 /* Frameworks */,
				61F78A321F6B77FB00F94CB0 /* Resources */,
				BE04672B48A398CB7CEFA7C8 /* [CP] Embed Pods Frameworks */,
				89944D018E633AF4B71AEDF1 /* [CP] Copy Pods Resources */,
			);
			buildRules = (
			);
			dependencies = (
			);
			name = "Nubank-Chargeback";
			productName = "Nubank-Chargeback";
			productReference = 61F78A341F6B77FB00F94CB0 /* Nubank-Chargeback.app */;
			productType = "com.apple.product-type.application";
		};
		61F78A471F6B77FB00F94CB0 /* Nubank-ChargebackTests */ = {
			isa = PBXNativeTarget;
			buildConfigurationList = 61F78A5F1F6B77FB00F94CB0 /* Build configuration list for PBXNativeTarget "Nubank-ChargebackTests" */;
			buildPhases = (
				30D448C0D55E28ECA02AD02B /* [CP] Check Pods Manifest.lock */,
				61F78A441F6B77FB00F94CB0 /* Sources */,
				61F78A451F6B77FB00F94CB0 /* Frameworks */,
				61F78A461F6B77FB00F94CB0 /* Resources */,
				2188F2C3B971528E50A1C873 /* [CP] Embed Pods Frameworks */,
				C3E7A0811EFC1883273E5929 /* [CP] Copy Pods Resources */,
			);
			buildRules = (
			);
			dependencies = (
				61F78A4A1F6B77FB00F94CB0 /* PBXTargetDependency */,
			);
			name = "Nubank-ChargebackTests";
			productName = "Nubank-ChargebackTests";
			productReference = 61F78A481F6B77FB00F94CB0 /* Nubank-ChargebackTests.xctest */;
			productType = "com.apple.product-type.bundle.unit-test";
		};
		61F78A521F6B77FB00F94CB0 /* Nubank-ChargebackUITests */ = {
			isa = PBXNativeTarget;
			buildConfigurationList = 61F78A621F6B77FB00F94CB0 /* Build configuration list for PBXNativeTarget "Nubank-ChargebackUITests" */;
			buildPhases = (
				4E2FD3C357024749DF0FA35E /* [CP] Check Pods Manifest.lock */,
				61F78A4F1F6B77FB00F94CB0 /* Sources */,
				61F78A501F6B77FB00F94CB0 /* Frameworks */,
				61F78A511F6B77FB00F94CB0 /* Resources */,
				A4A6F34FADED071C032CD747 /* [CP] Embed Pods Frameworks */,
				6F3AEF77B9BFCFE943E0C3CF /* [CP] Copy Pods Resources */,
			);
			buildRules = (
			);
			dependencies = (
				61F78A551F6B77FB00F94CB0 /* PBXTargetDependency */,
			);
			name = "Nubank-ChargebackUITests";
			productName = "Nubank-ChargebackUITests";
			productReference = 61F78A531F6B77FB00F94CB0 /* Nubank-ChargebackUITests.xctest */;
			productType = "com.apple.product-type.bundle.ui-testing";
		};
/* End PBXNativeTarget section */

/* Begin PBXProject section */
		61F78A2C1F6B77FB00F94CB0 /* Project object */ = {
			isa = PBXProject;
			attributes = {
				LastSwiftUpdateCheck = 0830;
				LastUpgradeCheck = 0900;
				ORGANIZATIONNAME = MichaelDouglas;
				TargetAttributes = {
					61F78A331F6B77FB00F94CB0 = {
						CreatedOnToolsVersion = 8.3.3;
						DevelopmentTeam = 4Q582659G6;
						LastSwiftMigration = 0900;
						ProvisioningStyle = Automatic;
					};
					61F78A471F6B77FB00F94CB0 = {
						CreatedOnToolsVersion = 8.3.3;
						LastSwiftMigration = 0900;
						ProvisioningStyle = Automatic;
						TestTargetID = 61F78A331F6B77FB00F94CB0;
					};
					61F78A521F6B77FB00F94CB0 = {
						CreatedOnToolsVersion = 8.3.3;
						LastSwiftMigration = 0900;
						ProvisioningStyle = Automatic;
						TestTargetID = 61F78A331F6B77FB00F94CB0;
					};
				};
			};
			buildConfigurationList = 61F78A2F1F6B77FB00F94CB0 /* Build configuration list for PBXProject "Nubank-Chargeback" */;
			compatibilityVersion = "Xcode 3.2";
			developmentRegion = English;
			hasScannedForEncodings = 0;
			knownRegions = (
				en,
				Base,
			);
			mainGroup = 61F78A2B1F6B77FB00F94CB0;
			productRefGroup = 61F78A351F6B77FB00F94CB0 /* Products */;
			projectDirPath = "";
			projectRoot = "";
			targets = (
				61F78A331F6B77FB00F94CB0 /* Nubank-Chargeback */,
				61F78A471F6B77FB00F94CB0 /* Nubank-ChargebackTests */,
				61F78A521F6B77FB00F94CB0 /* Nubank-ChargebackUITests */,
			);
		};
/* End PBXProject section */

/* Begin PBXResourcesBuildPhase section */
		61F78A321F6B77FB00F94CB0 /* Resources */ = {
			isa = PBXResourcesBuildPhase;
			buildActionMask = 2147483647;
			files = (
				61F78A7D1F6B84C500F94CB0 /* LaunchScreen.storyboard in Resources */,
				61F78A3F1F6B77FB00F94CB0 /* Assets.xcassets in Resources */,
				61F78A7C1F6B84C500F94CB0 /* Chargeback.storyboard in Resources */,
			);
			runOnlyForDeploymentPostprocessing = 0;
		};
		61F78A461F6B77FB00F94CB0 /* Resources */ = {
			isa = PBXResourcesBuildPhase;
			buildActionMask = 2147483647;
			files = (
				615EBBDC1F734318005A2728 /* chargeback.json in Resources */,
				615EBBDD1F734318005A2728 /* notice.json in Resources */,
			);
			runOnlyForDeploymentPostprocessing = 0;
		};
		61F78A511F6B77FB00F94CB0 /* Resources */ = {
			isa = PBXResourcesBuildPhase;
			buildActionMask = 2147483647;
			files = (
			);
			runOnlyForDeploymentPostprocessing = 0;
		};
/* End PBXResourcesBuildPhase section */

/* Begin PBXShellScriptBuildPhase section */
		2188F2C3B971528E50A1C873 /* [CP] Embed Pods Frameworks */ = {
			isa = PBXShellScriptBuildPhase;
			buildActionMask = 2147483647;
			files = (
			);
			inputPaths = (
			);
			name = "[CP] Embed Pods Frameworks";
			outputPaths = (
			);
			runOnlyForDeploymentPostprocessing = 0;
			shellPath = /bin/sh;
			shellScript = "\"${SRCROOT}/Pods/Target Support Files/Pods-Nubank-ChargebackTests/Pods-Nubank-ChargebackTests-frameworks.sh\"\n";
			showEnvVarsInLog = 0;
		};
		30D448C0D55E28ECA02AD02B /* [CP] Check Pods Manifest.lock */ = {
			isa = PBXShellScriptBuildPhase;
			buildActionMask = 2147483647;
			files = (
			);
			inputPaths = (
			);
			name = "[CP] Check Pods Manifest.lock";
			outputPaths = (
			);
			runOnlyForDeploymentPostprocessing = 0;
			shellPath = /bin/sh;
			shellScript = "diff \"${PODS_ROOT}/../Podfile.lock\" \"${PODS_ROOT}/Manifest.lock\" > /dev/null\nif [ $? != 0 ] ; then\n    # print error to STDERR\n    echo \"error: The sandbox is not in sync with the Podfile.lock. Run 'pod install' or update your CocoaPods installation.\" >&2\n    exit 1\nfi\n";
			showEnvVarsInLog = 0;
		};
		4E2FD3C357024749DF0FA35E /* [CP] Check Pods Manifest.lock */ = {
			isa = PBXShellScriptBuildPhase;
			buildActionMask = 2147483647;
			files = (
			);
			inputPaths = (
			);
			name = "[CP] Check Pods Manifest.lock";
			outputPaths = (
			);
			runOnlyForDeploymentPostprocessing = 0;
			shellPath = /bin/sh;
			shellScript = "diff \"${PODS_ROOT}/../Podfile.lock\" \"${PODS_ROOT}/Manifest.lock\" > /dev/null\nif [ $? != 0 ] ; then\n    # print error to STDERR\n    echo \"error: The sandbox is not in sync with the Podfile.lock. Run 'pod install' or update your CocoaPods installation.\" >&2\n    exit 1\nfi\n";
			showEnvVarsInLog = 0;
		};
		6F3AEF77B9BFCFE943E0C3CF /* [CP] Copy Pods Resources */ = {
			isa = PBXShellScriptBuildPhase;
			buildActionMask = 2147483647;
			files = (
			);
			inputPaths = (
			);
			name = "[CP] Copy Pods Resources";
			outputPaths = (
			);
			runOnlyForDeploymentPostprocessing = 0;
			shellPath = /bin/sh;
			shellScript = "\"${SRCROOT}/Pods/Target Support Files/Pods-Nubank-ChargebackUITests/Pods-Nubank-ChargebackUITests-resources.sh\"\n";
			showEnvVarsInLog = 0;
		};
		89944D018E633AF4B71AEDF1 /* [CP] Copy Pods Resources */ = {
			isa = PBXShellScriptBuildPhase;
			buildActionMask = 2147483647;
			files = (
			);
			inputPaths = (
			);
			name = "[CP] Copy Pods Resources";
			outputPaths = (
			);
			runOnlyForDeploymentPostprocessing = 0;
			shellPath = /bin/sh;
			shellScript = "\"${SRCROOT}/Pods/Target Support Files/Pods-Nubank-Chargeback/Pods-Nubank-Chargeback-resources.sh\"\n";
			showEnvVarsInLog = 0;
		};
		A4A6F34FADED071C032CD747 /* [CP] Embed Pods Frameworks */ = {
			isa = PBXShellScriptBuildPhase;
			buildActionMask = 2147483647;
			files = (
			);
			inputPaths = (
			);
			name = "[CP] Embed Pods Frameworks";
			outputPaths = (
			);
			runOnlyForDeploymentPostprocessing = 0;
			shellPath = /bin/sh;
			shellScript = "\"${SRCROOT}/Pods/Target Support Files/Pods-Nubank-ChargebackUITests/Pods-Nubank-ChargebackUITests-frameworks.sh\"\n";
			showEnvVarsInLog = 0;
		};
		BE04672B48A398CB7CEFA7C8 /* [CP] Embed Pods Frameworks */ = {
			isa = PBXShellScriptBuildPhase;
			buildActionMask = 2147483647;
			files = (
			);
			inputPaths = (
			);
			name = "[CP] Embed Pods Frameworks";
			outputPaths = (
			);
			runOnlyForDeploymentPostprocessing = 0;
			shellPath = /bin/sh;
			shellScript = "\"${SRCROOT}/Pods/Target Support Files/Pods-Nubank-Chargeback/Pods-Nubank-Chargeback-frameworks.sh\"\n";
			showEnvVarsInLog = 0;
		};
		C3E7A0811EFC1883273E5929 /* [CP] Copy Pods Resources */ = {
			isa = PBXShellScriptBuildPhase;
			buildActionMask = 2147483647;
			files = (
			);
			inputPaths = (
			);
			name = "[CP] Copy Pods Resources";
			outputPaths = (
			);
			runOnlyForDeploymentPostprocessing = 0;
			shellPath = /bin/sh;
			shellScript = "\"${SRCROOT}/Pods/Target Support Files/Pods-Nubank-ChargebackTests/Pods-Nubank-ChargebackTests-resources.sh\"\n";
			showEnvVarsInLog = 0;
		};
		CA56C6CAAFE4476A6547F290 /* [CP] Check Pods Manifest.lock */ = {
			isa = PBXShellScriptBuildPhase;
			buildActionMask = 2147483647;
			files = (
			);
			inputPaths = (
			);
			name = "[CP] Check Pods Manifest.lock";
			outputPaths = (
			);
			runOnlyForDeploymentPostprocessing = 0;
			shellPath = /bin/sh;
			shellScript = "diff \"${PODS_ROOT}/../Podfile.lock\" \"${PODS_ROOT}/Manifest.lock\" > /dev/null\nif [ $? != 0 ] ; then\n    # print error to STDERR\n    echo \"error: The sandbox is not in sync with the Podfile.lock. Run 'pod install' or update your CocoaPods installation.\" >&2\n    exit 1\nfi\n";
			showEnvVarsInLog = 0;
		};
/* End PBXShellScriptBuildPhase section */

/* Begin PBXSourcesBuildPhase section */
		61F78A301F6B77FB00F94CB0 /* Sources */ = {
			isa = PBXSourcesBuildPhase;
			buildActionMask = 2147483647;
			files = (
				61F78A381F6B77FB00F94CB0 /* AppDelegate.swift in Sources */,
				61F8F8BD1F6CBCAF00B6E1F4 /* ChargebackBO.swift in Sources */,
				61F8F8BF1F6CBD2700B6E1F4 /* NoticeBO.swift in Sources */,
				61F5EB961F6C4EE1000F1CE1 /* UIBox.swift in Sources */,
				61C8F84C1F708CBB006E8CB8 /* FinishChargebackVC.swift in Sources */,
				61F8F8C51F6CEBE800B6E1F4 /* ReasonDetailBO.swift in Sources */,
				61774E691F743120003039E7 /* CardLO.swift in Sources */,
				61F8F8B71F6C9C4D00B6E1F4 /* ServerRequest.swift in Sources */,
				618F9E841F7037C700AEEDBE /* KeyboardKit.swift in Sources */,
				61F8F8C71F6CF21200B6E1F4 /* StyleKit.swift in Sources */,
				61F8F8BB1F6CBAC800B6E1F4 /* ChargebackLO.swift in Sources */,
				61F5EB9F1F6C61FE000F1CE1 /* NoticeVC.swift in Sources */,
				61F8F8B91F6CB8A200B6E1F4 /* NoticeLO.swift in Sources */,
				61F8F8C91F6CF54B00B6E1F4 /* StringKit.swift in Sources */,
				611ED57C1F6F344200B1FD4C /* UISwitchButton.swift in Sources */,
				61F8F8CB1F6EFDEF00B6E1F4 /* AlertKit.swift in Sources */,
				611ED57A1F6F330B00B1FD4C /* ChargebackVC.swift in Sources */,
				61F8F8C31F6CE1D800B6E1F4 /* ActionBO.swift in Sources */,
				61F5EB9B1F6C57E3000F1CE1 /* IBDesignableClass.swift in Sources */,
			);
			runOnlyForDeploymentPostprocessing = 0;
		};
		61F78A441F6B77FB00F94CB0 /* Sources */ = {
			isa = PBXSourcesBuildPhase;
			buildActionMask = 2147483647;
			files = (
				61BF9F9F1F720DD1002CCE80 /* ServerRequestTests.swift in Sources */,
				61BF9FA41F72153F002CCE80 /* NoticeTests.swift in Sources */,
				61774E6B1F743340003039E7 /* CardTests.swift in Sources */,
				61837BD21F73273200E0F37B /* ChargebackTests.swift in Sources */,
				61BF9FA21F7214D2002CCE80 /* TestingCommon.swift in Sources */,
			);
			runOnlyForDeploymentPostprocessing = 0;
		};
		61F78A4F1F6B77FB00F94CB0 /* Sources */ = {
			isa = PBXSourcesBuildPhase;
			buildActionMask = 2147483647;
			files = (
				61AD242A1F745FFD00E14E47 /* TestingCommon.swift in Sources */,
				61AD24291F745FFD00E14E47 /* NoticeUITests.swift in Sources */,
			);
			runOnlyForDeploymentPostprocessing = 0;
		};
/* End PBXSourcesBuildPhase section */

/* Begin PBXTargetDependency section */
		61F78A4A1F6B77FB00F94CB0 /* PBXTargetDependency */ = {
			isa = PBXTargetDependency;
			target = 61F78A331F6B77FB00F94CB0 /* Nubank-Chargeback */;
			targetProxy = 61F78A491F6B77FB00F94CB0 /* PBXContainerItemProxy */;
		};
		61F78A551F6B77FB00F94CB0 /* PBXTargetDependency */ = {
			isa = PBXTargetDependency;
			target = 61F78A331F6B77FB00F94CB0 /* Nubank-Chargeback */;
			targetProxy = 61F78A541F6B77FB00F94CB0 /* PBXContainerItemProxy */;
		};
/* End PBXTargetDependency section */

/* Begin XCBuildConfiguration section */
		61F78A5A1F6B77FB00F94CB0 /* Debug */ = {
			isa = XCBuildConfiguration;
			buildSettings = {
				ALWAYS_SEARCH_USER_PATHS = NO;
				CLANG_ANALYZER_NONNULL = YES;
				CLANG_ANALYZER_NUMBER_OBJECT_CONVERSION = YES_AGGRESSIVE;
				CLANG_CXX_LANGUAGE_STANDARD = "gnu++0x";
				CLANG_CXX_LIBRARY = "libc++";
				CLANG_ENABLE_MODULES = YES;
				CLANG_ENABLE_OBJC_ARC = YES;
				CLANG_WARN_BLOCK_CAPTURE_AUTORELEASING = YES;
				CLANG_WARN_BOOL_CONVERSION = YES;
				CLANG_WARN_COMMA = YES;
				CLANG_WARN_CONSTANT_CONVERSION = YES;
				CLANG_WARN_DIRECT_OBJC_ISA_USAGE = YES_ERROR;
				CLANG_WARN_DOCUMENTATION_COMMENTS = YES;
				CLANG_WARN_EMPTY_BODY = YES;
				CLANG_WARN_ENUM_CONVERSION = YES;
				CLANG_WARN_INFINITE_RECURSION = YES;
				CLANG_WARN_INT_CONVERSION = YES;
				CLANG_WARN_NON_LITERAL_NULL_CONVERSION = YES;
				CLANG_WARN_OBJC_LITERAL_CONVERSION = YES;
				CLANG_WARN_OBJC_ROOT_CLASS = YES_ERROR;
				CLANG_WARN_RANGE_LOOP_ANALYSIS = YES;
				CLANG_WARN_STRICT_PROTOTYPES = YES;
				CLANG_WARN_SUSPICIOUS_MOVE = YES;
				CLANG_WARN_UNREACHABLE_CODE = YES;
				CLANG_WARN__DUPLICATE_METHOD_MATCH = YES;
				"CODE_SIGN_IDENTITY[sdk=iphoneos*]" = "iPhone Developer";
				COPY_PHASE_STRIP = NO;
				DEBUG_INFORMATION_FORMAT = dwarf;
				ENABLE_STRICT_OBJC_MSGSEND = YES;
				ENABLE_TESTABILITY = YES;
				GCC_C_LANGUAGE_STANDARD = gnu99;
				GCC_DYNAMIC_NO_PIC = NO;
				GCC_NO_COMMON_BLOCKS = YES;
				GCC_OPTIMIZATION_LEVEL = 0;
				GCC_PREPROCESSOR_DEFINITIONS = (
					"DEBUG=1",
					"$(inherited)",
				);
				GCC_WARN_64_TO_32_BIT_CONVERSION = YES;
				GCC_WARN_ABOUT_RETURN_TYPE = YES_ERROR;
				GCC_WARN_UNDECLARED_SELECTOR = YES;
				GCC_WARN_UNINITIALIZED_AUTOS = YES_AGGRESSIVE;
				GCC_WARN_UNUSED_FUNCTION = YES;
				GCC_WARN_UNUSED_VARIABLE = YES;
				IPHONEOS_DEPLOYMENT_TARGET = 10.3;
				MTL_ENABLE_DEBUG_INFO = YES;
				ONLY_ACTIVE_ARCH = YES;
				SDKROOT = iphoneos;
				SWIFT_ACTIVE_COMPILATION_CONDITIONS = DEBUG;
				SWIFT_OPTIMIZATION_LEVEL = "-Onone";
				SWIFT_SWIFT3_OBJC_INFERENCE = Default;
				TARGETED_DEVICE_FAMILY = "1,2";
			};
			name = Debug;
		};
		61F78A5B1F6B77FB00F94CB0 /* Release */ = {
			isa = XCBuildConfiguration;
			buildSettings = {
				ALWAYS_SEARCH_USER_PATHS = NO;
				CLANG_ANALYZER_NONNULL = YES;
				CLANG_ANALYZER_NUMBER_OBJECT_CONVERSION = YES_AGGRESSIVE;
				CLANG_CXX_LANGUAGE_STANDARD = "gnu++0x";
				CLANG_CXX_LIBRARY = "libc++";
				CLANG_ENABLE_MODULES = YES;
				CLANG_ENABLE_OBJC_ARC = YES;
				CLANG_WARN_BLOCK_CAPTURE_AUTORELEASING = YES;
				CLANG_WARN_BOOL_CONVERSION = YES;
				CLANG_WARN_COMMA = YES;
				CLANG_WARN_CONSTANT_CONVERSION = YES;
				CLANG_WARN_DIRECT_OBJC_ISA_USAGE = YES_ERROR;
				CLANG_WARN_DOCUMENTATION_COMMENTS = YES;
				CLANG_WARN_EMPTY_BODY = YES;
				CLANG_WARN_ENUM_CONVERSION = YES;
				CLANG_WARN_INFINITE_RECURSION = YES;
				CLANG_WARN_INT_CONVERSION = YES;
				CLANG_WARN_NON_LITERAL_NULL_CONVERSION = YES;
				CLANG_WARN_OBJC_LITERAL_CONVERSION = YES;
				CLANG_WARN_OBJC_ROOT_CLASS = YES_ERROR;
				CLANG_WARN_RANGE_LOOP_ANALYSIS = YES;
				CLANG_WARN_STRICT_PROTOTYPES = YES;
				CLANG_WARN_SUSPICIOUS_MOVE = YES;
				CLANG_WARN_UNREACHABLE_CODE = YES;
				CLANG_WARN__DUPLICATE_METHOD_MATCH = YES;
				"CODE_SIGN_IDENTITY[sdk=iphoneos*]" = "iPhone Developer";
				COPY_PHASE_STRIP = NO;
				DEBUG_INFORMATION_FORMAT = "dwarf-with-dsym";
				ENABLE_NS_ASSERTIONS = NO;
				ENABLE_STRICT_OBJC_MSGSEND = YES;
				GCC_C_LANGUAGE_STANDARD = gnu99;
				GCC_NO_COMMON_BLOCKS = YES;
				GCC_WARN_64_TO_32_BIT_CONVERSION = YES;
				GCC_WARN_ABOUT_RETURN_TYPE = YES_ERROR;
				GCC_WARN_UNDECLARED_SELECTOR = YES;
				GCC_WARN_UNINITIALIZED_AUTOS = YES_AGGRESSIVE;
				GCC_WARN_UNUSED_FUNCTION = YES;
				GCC_WARN_UNUSED_VARIABLE = YES;
				IPHONEOS_DEPLOYMENT_TARGET = 10.3;
				MTL_ENABLE_DEBUG_INFO = NO;
				SDKROOT = iphoneos;
				SWIFT_OPTIMIZATION_LEVEL = "-Owholemodule";
				SWIFT_SWIFT3_OBJC_INFERENCE = Default;
				TARGETED_DEVICE_FAMILY = "1,2";
				VALIDATE_PRODUCT = YES;
			};
			name = Release;
		};
		61F78A5D1F6B77FB00F94CB0 /* Debug */ = {
			isa = XCBuildConfiguration;
			baseConfigurationReference = EFF4ABACFF5B8F70A82FCACA /* Pods-Nubank-Chargeback.debug.xcconfig */;
			buildSettings = {
				ALWAYS_EMBED_SWIFT_STANDARD_LIBRARIES = YES;
				ASSETCATALOG_COMPILER_APPICON_NAME = AppIcon;
				DEVELOPMENT_TEAM = 4Q582659G6;
				INFOPLIST_FILE = "$(SRCROOT)/Nubank-Chargeback/Resources/Supporting Files/Info.plist";
				LD_RUNPATH_SEARCH_PATHS = "$(inherited) @executable_path/Frameworks";
				PRODUCT_BUNDLE_IDENTIFIER = "com.michaeldouglas.Nubank-Chargeback";
				PRODUCT_NAME = "$(TARGET_NAME)";
				SWIFT_SWIFT3_OBJC_INFERENCE = Off;
				SWIFT_VERSION = 4.0;
				TARGETED_DEVICE_FAMILY = 1;
			};
			name = Debug;
		};
		61F78A5E1F6B77FB00F94CB0 /* Release */ = {
			isa = XCBuildConfiguration;
			baseConfigurationReference = 37DB65F1EC50E5220A2CCAD2 /* Pods-Nubank-Chargeback.release.xcconfig */;
			buildSettings = {
				ALWAYS_EMBED_SWIFT_STANDARD_LIBRARIES = YES;
				ASSETCATALOG_COMPILER_APPICON_NAME = AppIcon;
				DEVELOPMENT_TEAM = 4Q582659G6;
				INFOPLIST_FILE = "$(SRCROOT)/Nubank-Chargeback/Resources/Supporting Files/Info.plist";
				LD_RUNPATH_SEARCH_PATHS = "$(inherited) @executable_path/Frameworks";
				PRODUCT_BUNDLE_IDENTIFIER = "com.michaeldouglas.Nubank-Chargeback";
				PRODUCT_NAME = "$(TARGET_NAME)";
				SWIFT_SWIFT3_OBJC_INFERENCE = Off;
				SWIFT_VERSION = 4.0;
				TARGETED_DEVICE_FAMILY = 1;
			};
			name = Release;
		};
		61F78A601F6B77FB00F94CB0 /* Debug */ = {
			isa = XCBuildConfiguration;
			baseConfigurationReference = 08F9EBCE224C044B15C34840 /* Pods-Nubank-ChargebackTests.debug.xcconfig */;
			buildSettings = {
				ALWAYS_EMBED_SWIFT_STANDARD_LIBRARIES = YES;
				BUNDLE_LOADER = "$(TEST_HOST)";
				CLANG_ENABLE_MODULES = YES;
				INFOPLIST_FILE = "Nubank-ChargebackTests/Info.plist";
				LD_RUNPATH_SEARCH_PATHS = "$(inherited) @executable_path/Frameworks @loader_path/Frameworks";
				PRODUCT_BUNDLE_IDENTIFIER = "com.michaeldouglas.Nubank-ChargebackTests";
				PRODUCT_NAME = "$(TARGET_NAME)";
				SWIFT_OBJC_BRIDGING_HEADER = "Nubank-ChargebackTests/Nubank-ChargebackTests-Bridging-Header.h";
				SWIFT_OPTIMIZATION_LEVEL = "-Onone";
				SWIFT_SWIFT3_OBJC_INFERENCE = Off;
				SWIFT_VERSION = 4.0;
				TEST_HOST = "$(BUILT_PRODUCTS_DIR)/Nubank-Chargeback.app/Nubank-Chargeback";
			};
			name = Debug;
		};
		61F78A611F6B77FB00F94CB0 /* Release */ = {
			isa = XCBuildConfiguration;
			baseConfigurationReference = 0862B580C6A96C22113C7D4A /* Pods-Nubank-ChargebackTests.release.xcconfig */;
			buildSettings = {
				ALWAYS_EMBED_SWIFT_STANDARD_LIBRARIES = YES;
				BUNDLE_LOADER = "$(TEST_HOST)";
				CLANG_ENABLE_MODULES = YES;
				INFOPLIST_FILE = "Nubank-ChargebackTests/Info.plist";
				LD_RUNPATH_SEARCH_PATHS = "$(inherited) @executable_path/Frameworks @loader_path/Frameworks";
				PRODUCT_BUNDLE_IDENTIFIER = "com.michaeldouglas.Nubank-ChargebackTests";
				PRODUCT_NAME = "$(TARGET_NAME)";
				SWIFT_OBJC_BRIDGING_HEADER = "Nubank-ChargebackTests/Nubank-ChargebackTests-Bridging-Header.h";
				SWIFT_SWIFT3_OBJC_INFERENCE = Off;
				SWIFT_VERSION = 4.0;
				TEST_HOST = "$(BUILT_PRODUCTS_DIR)/Nubank-Chargeback.app/Nubank-Chargeback";
			};
			name = Release;
		};
		61F78A631F6B77FB00F94CB0 /* Debug */ = {
			isa = XCBuildConfiguration;
			baseConfigurationReference = E3716C2BBA30E735BE7B08DC /* Pods-Nubank-ChargebackUITests.debug.xcconfig */;
			buildSettings = {
				ALWAYS_EMBED_SWIFT_STANDARD_LIBRARIES = YES;
				INFOPLIST_FILE = "Nubank-ChargebackUITests/Info.plist";
				LD_RUNPATH_SEARCH_PATHS = "$(inherited) @executable_path/Frameworks @loader_path/Frameworks";
				PRODUCT_BUNDLE_IDENTIFIER = "com.michaeldouglas.Nubank-ChargebackUITests";
				PRODUCT_NAME = "$(TARGET_NAME)";
				SWIFT_SWIFT3_OBJC_INFERENCE = Off;
				SWIFT_VERSION = 4.0;
				TEST_TARGET_NAME = "Nubank-Chargeback";
			};
			name = Debug;
		};
		61F78A641F6B77FB00F94CB0 /* Release */ = {
			isa = XCBuildConfiguration;
			baseConfigurationReference = 0F86C04FB01142A9131991D7 /* Pods-Nubank-ChargebackUITests.release.xcconfig */;
			buildSettings = {
				ALWAYS_EMBED_SWIFT_STANDARD_LIBRARIES = YES;
				INFOPLIST_FILE = "Nubank-ChargebackUITests/Info.plist";
				LD_RUNPATH_SEARCH_PATHS = "$(inherited) @executable_path/Frameworks @loader_path/Frameworks";
				PRODUCT_BUNDLE_IDENTIFIER = "com.michaeldouglas.Nubank-ChargebackUITests";
				PRODUCT_NAME = "$(TARGET_NAME)";
				SWIFT_SWIFT3_OBJC_INFERENCE = Off;
				SWIFT_VERSION = 4.0;
				TEST_TARGET_NAME = "Nubank-Chargeback";
			};
			name = Release;
		};
/* End XCBuildConfiguration section */

/* Begin XCConfigurationList section */
		61F78A2F1F6B77FB00F94CB0 /* Build configuration list for PBXProject "Nubank-Chargeback" */ = {
			isa = XCConfigurationList;
			buildConfigurations = (
				61F78A5A1F6B77FB00F94CB0 /* Debug */,
				61F78A5B1F6B77FB00F94CB0 /* Release */,
			);
			defaultConfigurationIsVisible = 0;
			defaultConfigurationName = Release;
		};
		61F78A5C1F6B77FB00F94CB0 /* Build configuration list for PBXNativeTarget "Nubank-Chargeback" */ = {
			isa = XCConfigurationList;
			buildConfigurations = (
				61F78A5D1F6B77FB00F94CB0 /* Debug */,
				61F78A5E1F6B77FB00F94CB0 /* Release */,
			);
			defaultConfigurationIsVisible = 0;
			defaultConfigurationName = Release;
		};
		61F78A5F1F6B77FB00F94CB0 /* Build configuration list for PBXNativeTarget "Nubank-ChargebackTests" */ = {
			isa = XCConfigurationList;
			buildConfigurations = (
				61F78A601F6B77FB00F94CB0 /* Debug */,
				61F78A611F6B77FB00F94CB0 /* Release */,
			);
			defaultConfigurationIsVisible = 0;
			defaultConfigurationName = Release;
		};
		61F78A621F6B77FB00F94CB0 /* Build configuration list for PBXNativeTarget "Nubank-ChargebackUITests" */ = {
			isa = XCConfigurationList;
			buildConfigurations = (
				61F78A631F6B77FB00F94CB0 /* Debug */,
				61F78A641F6B77FB00F94CB0 /* Release */,
			);
			defaultConfigurationIsVisible = 0;
			defaultConfigurationName = Release;
		};
/* End XCConfigurationList section */
	};
	rootObject = 61F78A2C1F6B77FB00F94CB0 /* Project object */;
}
